
Microsoft Visual Studio Solution File, Format Version 12.00
# Visual Studio Version 16
VisualStudioVersion = 16.0.29215.179
MinimumVisualStudioVersion = 10.0.40219.1
Project("{FAE04EC0-301F-11D3-BF4B-00C04F79EFBC}") = "ion", "ion\ion.csproj", "{17A27133-8B9D-4D5B-B8C7-F4037572CD7D}"
EndProject
Global
	GlobalSection(SolutionConfigurationPlatforms) = preSolution
		Debug|Any CPU = Debug|Any CPU
		Release|Any CPU = Release|Any CPU
	EndGlobalSection
	GlobalSection(ProjectConfigurationPlatforms) = postSolution
		{17A27133-8B9D-4D5B-B8C7-F4037572CD7D}.Debug|Any CPU.ActiveCfg = Debug|Any CPU
		{17A27133-8B9D-4D5B-B8C7-F4037572CD7D}.Debug|Any CPU.Build.0 = Debug|Any CPU
		{17A27133-8B9D-4D5B-B8C7-F4037572CD7D}.Release|Any CPU.ActiveCfg = Release|Any CPU
		{17A27133-8B9D-4D5B-B8C7-F4037572CD7D}.Release|Any CPU.Build.0 = Release|Any CPU
	EndGlobalSection
	GlobalSection(SolutionProperties) = preSolution
		HideSolutionNode = FALSE
	EndGlobalSection
	GlobalSection(ExtensibilityGlobals) = postSolution
		SolutionGuid = {BCACE89B-4B4C-4CC8-8EFE-7FE8C2E1B1E9}
	EndGlobalSection
EndGlobal
